// !$*UTF8*$!
{
	archiveVersion = 1;
	classes = {
	};
	objectVersion = 56;
	objects = {

/* Begin PBXBuildFile section */
		0C08A6FB2A98947C004D5B05 /* Category.swift in Sources */ = {isa = PBXBuildFile; fileRef = 0C08A6FA2A98947C004D5B05 /* Category.swift */; };
		0C08A6FD2A98948F004D5B05 /* Popular.swift in Sources */ = {isa = PBXBuildFile; fileRef = 0C08A6FC2A98948F004D5B05 /* Popular.swift */; };
		0C08A7032A9A19F2004D5B05 /* RecipeCell.swift in Sources */ = {isa = PBXBuildFile; fileRef = 0C08A7022A9A19F2004D5B05 /* RecipeCell.swift */; };
		0C08A7072A9A1ACD004D5B05 /* Constant.swift in Sources */ = {isa = PBXBuildFile; fileRef = 0C08A7062A9A1ACD004D5B05 /* Constant.swift */; };
		0C08A70B2A9BA33C004D5B05 /* RecipeDetail.swift in Sources */ = {isa = PBXBuildFile; fileRef = 0C08A70A2A9BA33C004D5B05 /* RecipeDetail.swift */; };
		0C08A70D2A9C7B4C004D5B05 /* RecipeList.swift in Sources */ = {isa = PBXBuildFile; fileRef = 0C08A70C2A9C7B4C004D5B05 /* RecipeList.swift */; };
		0C08A70F2A9C87E9004D5B05 /* Ingredient.swift in Sources */ = {isa = PBXBuildFile; fileRef = 0C08A70E2A9C87E9004D5B05 /* Ingredient.swift */; };
		0C08A7122A9CA885004D5B05 /* Color.swift in Sources */ = {isa = PBXBuildFile; fileRef = 0C08A7112A9CA885004D5B05 /* Color.swift */; };
		0C08A7182A9CB2DC004D5B05 /* Video.swift in Sources */ = {isa = PBXBuildFile; fileRef = 0C08A7172A9CB2DC004D5B05 /* Video.swift */; };
		0C08A71A2A9CB2EA004D5B05 /* Creator.swift in Sources */ = {isa = PBXBuildFile; fileRef = 0C08A7192A9CB2EA004D5B05 /* Creator.swift */; };
		0C08A71D2A9CB8D4004D5B05 /* YouTubePlayerKit in Frameworks */ = {isa = PBXBuildFile; productRef = 0C08A71C2A9CB8D4004D5B05 /* YouTubePlayerKit */; };
		0C08A71F2A9CBB7B004D5B05 /* VideoRow.swift in Sources */ = {isa = PBXBuildFile; fileRef = 0C08A71E2A9CBB7B004D5B05 /* VideoRow.swift */; };
		0C08A7212A9CD050004D5B05 /* CreatorCell.swift in Sources */ = {isa = PBXBuildFile; fileRef = 0C08A7202A9CD050004D5B05 /* CreatorCell.swift */; };
		0C08A7242A9CD29E004D5B05 /* Kingfisher in Frameworks */ = {isa = PBXBuildFile; productRef = 0C08A7232A9CD29E004D5B05 /* Kingfisher */; };
		0C08A7262A9CD660004D5B05 /* CreatorDetail.swift in Sources */ = {isa = PBXBuildFile; fileRef = 0C08A7252A9CD660004D5B05 /* CreatorDetail.swift */; };
		0C08A72B2A9DABF1004D5B05 /* Account.swift in Sources */ = {isa = PBXBuildFile; fileRef = 0C08A72A2A9DABF1004D5B05 /* Account.swift */; };
		0C08A72D2A9DAC03004D5B05 /* Support.swift in Sources */ = {isa = PBXBuildFile; fileRef = 0C08A72C2A9DAC03004D5B05 /* Support.swift */; };
		0C08A72F2A9DAC0A004D5B05 /* Info.swift in Sources */ = {isa = PBXBuildFile; fileRef = 0C08A72E2A9DAC0A004D5B05 /* Info.swift */; };
		0C6747C52A80A688004EFB3F /* Bakers_App.swift in Sources */ = {isa = PBXBuildFile; fileRef = 0C6747C42A80A688004EFB3F /* Bakers_App.swift */; };
		0C6747C72A80A688004EFB3F /* ContentView.swift in Sources */ = {isa = PBXBuildFile; fileRef = 0C6747C62A80A688004EFB3F /* ContentView.swift */; };
		0C6747C92A80A68A004EFB3F /* Assets.xcassets in Resources */ = {isa = PBXBuildFile; fileRef = 0C6747C82A80A68A004EFB3F /* Assets.xcassets */; };
		0C6747CC2A80A68A004EFB3F /* Preview Assets.xcassets in Resources */ = {isa = PBXBuildFile; fileRef = 0C6747CB2A80A68A004EFB3F /* Preview Assets.xcassets */; };
		0C901E5C2A80CC6C00459B4C /* RecipeView.swift in Sources */ = {isa = PBXBuildFile; fileRef = 0C901E5B2A80CC6C00459B4C /* RecipeView.swift */; };
		0C901E5E2A80CC8300459B4C /* RecommendView.swift in Sources */ = {isa = PBXBuildFile; fileRef = 0C901E5D2A80CC8300459B4C /* RecommendView.swift */; };
		0C901E602A80CC9B00459B4C /* MyPageView.swift in Sources */ = {isa = PBXBuildFile; fileRef = 0C901E5F2A80CC9B00459B4C /* MyPageView.swift */; };
		0C901E622A80CCAA00459B4C /* HomeView.swift in Sources */ = {isa = PBXBuildFile; fileRef = 0C901E612A80CCAA00459B4C /* HomeView.swift */; };
		0CF3C1EC2A874998000F338D /* RecipeSearchView.swift in Sources */ = {isa = PBXBuildFile; fileRef = 0CF3C1EB2A874998000F338D /* RecipeSearchView.swift */; };
/* End PBXBuildFile section */

/* Begin PBXFileReference section */
		0C08A6FA2A98947C004D5B05 /* Category.swift */ = {isa = PBXFileReference; lastKnownFileType = sourcecode.swift; path = Category.swift; sourceTree = "<group>"; };
		0C08A6FC2A98948F004D5B05 /* Popular.swift */ = {isa = PBXFileReference; lastKnownFileType = sourcecode.swift; path = Popular.swift; sourceTree = "<group>"; };
		0C08A7022A9A19F2004D5B05 /* RecipeCell.swift */ = {isa = PBXFileReference; lastKnownFileType = sourcecode.swift; path = RecipeCell.swift; sourceTree = "<group>"; };
		0C08A7062A9A1ACD004D5B05 /* Constant.swift */ = {isa = PBXFileReference; lastKnownFileType = sourcecode.swift; path = Constant.swift; sourceTree = "<group>"; };
		0C08A70A2A9BA33C004D5B05 /* RecipeDetail.swift */ = {isa = PBXFileReference; lastKnownFileType = sourcecode.swift; path = RecipeDetail.swift; sourceTree = "<group>"; };
		0C08A70C2A9C7B4C004D5B05 /* RecipeList.swift */ = {isa = PBXFileReference; lastKnownFileType = sourcecode.swift; path = RecipeList.swift; sourceTree = "<group>"; };
		0C08A70E2A9C87E9004D5B05 /* Ingredient.swift */ = {isa = PBXFileReference; lastKnownFileType = sourcecode.swift; path = Ingredient.swift; sourceTree = "<group>"; };
		0C08A7112A9CA885004D5B05 /* Color.swift */ = {isa = PBXFileReference; lastKnownFileType = sourcecode.swift; path = Color.swift; sourceTree = "<group>"; };
		0C08A7172A9CB2DC004D5B05 /* Video.swift */ = {isa = PBXFileReference; lastKnownFileType = sourcecode.swift; path = Video.swift; sourceTree = "<group>"; };
		0C08A7192A9CB2EA004D5B05 /* Creator.swift */ = {isa = PBXFileReference; lastKnownFileType = sourcecode.swift; path = Creator.swift; sourceTree = "<group>"; };
		0C08A71E2A9CBB7B004D5B05 /* VideoRow.swift */ = {isa = PBXFileReference; lastKnownFileType = sourcecode.swift; path = VideoRow.swift; sourceTree = "<group>"; };
		0C08A7202A9CD050004D5B05 /* CreatorCell.swift */ = {isa = PBXFileReference; lastKnownFileType = sourcecode.swift; path = CreatorCell.swift; sourceTree = "<group>"; };
		0C08A7252A9CD660004D5B05 /* CreatorDetail.swift */ = {isa = PBXFileReference; lastKnownFileType = sourcecode.swift; path = CreatorDetail.swift; sourceTree = "<group>"; };
		0C08A72A2A9DABF1004D5B05 /* Account.swift */ = {isa = PBXFileReference; lastKnownFileType = sourcecode.swift; path = Account.swift; sourceTree = "<group>"; };
		0C08A72C2A9DAC03004D5B05 /* Support.swift */ = {isa = PBXFileReference; lastKnownFileType = sourcecode.swift; path = Support.swift; sourceTree = "<group>"; };
		0C08A72E2A9DAC0A004D5B05 /* Info.swift */ = {isa = PBXFileReference; lastKnownFileType = sourcecode.swift; path = Info.swift; sourceTree = "<group>"; };
		0C6747C12A80A688004EFB3F /* Bakers'.app */ = {isa = PBXFileReference; explicitFileType = wrapper.application; includeInIndex = 0; path = "Bakers'.app"; sourceTree = BUILT_PRODUCTS_DIR; };
		0C6747C42A80A688004EFB3F /* Bakers_App.swift */ = {isa = PBXFileReference; lastKnownFileType = sourcecode.swift; path = Bakers_App.swift; sourceTree = "<group>"; };
		0C6747C62A80A688004EFB3F /* ContentView.swift */ = {isa = PBXFileReference; lastKnownFileType = sourcecode.swift; path = ContentView.swift; sourceTree = "<group>"; };
		0C6747C82A80A68A004EFB3F /* Assets.xcassets */ = {isa = PBXFileReference; lastKnownFileType = folder.assetcatalog; path = Assets.xcassets; sourceTree = "<group>"; };
		0C6747CB2A80A68A004EFB3F /* Preview Assets.xcassets */ = {isa = PBXFileReference; lastKnownFileType = folder.assetcatalog; path = "Preview Assets.xcassets"; sourceTree = "<group>"; };
		0C901E5B2A80CC6C00459B4C /* RecipeView.swift */ = {isa = PBXFileReference; lastKnownFileType = sourcecode.swift; path = RecipeView.swift; sourceTree = "<group>"; };
		0C901E5D2A80CC8300459B4C /* RecommendView.swift */ = {isa = PBXFileReference; lastKnownFileType = sourcecode.swift; path = RecommendView.swift; sourceTree = "<group>"; };
		0C901E5F2A80CC9B00459B4C /* MyPageView.swift */ = {isa = PBXFileReference; lastKnownFileType = sourcecode.swift; path = MyPageView.swift; sourceTree = "<group>"; };
		0C901E612A80CCAA00459B4C /* HomeView.swift */ = {isa = PBXFileReference; lastKnownFileType = sourcecode.swift; path = HomeView.swift; sourceTree = "<group>"; };
		0CF3C1EB2A874998000F338D /* RecipeSearchView.swift */ = {isa = PBXFileReference; lastKnownFileType = sourcecode.swift; path = RecipeSearchView.swift; sourceTree = "<group>"; };
/* End PBXFileReference section */

/* Begin PBXFrameworksBuildPhase section */
		0C6747BE2A80A688004EFB3F /* Frameworks */ = {
			isa = PBXFrameworksBuildPhase;
			buildActionMask = 2147483647;
			files = (
				0C08A7242A9CD29E004D5B05 /* Kingfisher in Frameworks */,
				0C08A71D2A9CB8D4004D5B05 /* YouTubePlayerKit in Frameworks */,
			);
			runOnlyForDeploymentPostprocessing = 0;
		};
/* End PBXFrameworksBuildPhase section */

/* Begin PBXGroup section */
		0C08A7042A9A1A6F004D5B05 /* Configuration */ = {
			isa = PBXGroup;
			children = (
				0C08A7102A9CA877004D5B05 /* Extensions */,
				0C08A7052A9A1A8D004D5B05 /* Constant */,
			);
			path = Configuration;
			sourceTree = "<group>";
		};
		0C08A7052A9A1A8D004D5B05 /* Constant */ = {
			isa = PBXGroup;
			children = (
				0C08A7062A9A1ACD004D5B05 /* Constant.swift */,
			);
			path = Constant;
			sourceTree = "<group>";
		};
		0C08A7102A9CA877004D5B05 /* Extensions */ = {
			isa = PBXGroup;
			children = (
				0C08A7112A9CA885004D5B05 /* Color.swift */,
			);
			path = Extensions;
			sourceTree = "<group>";
		};
		0C08A7132A9CB2AF004D5B05 /* Recommend */ = {
			isa = PBXGroup;
			children = (
				0C08A7172A9CB2DC004D5B05 /* Video.swift */,
				0C08A7192A9CB2EA004D5B05 /* Creator.swift */,
				0C08A71E2A9CBB7B004D5B05 /* VideoRow.swift */,
				0C08A7202A9CD050004D5B05 /* CreatorCell.swift */,
				0C08A7252A9CD660004D5B05 /* CreatorDetail.swift */,
			);
			path = Recommend;
			sourceTree = "<group>";
		};
		0C6747B82A80A688004EFB3F = {
			isa = PBXGroup;
			children = (
				0C6747C32A80A688004EFB3F /* Bakers' */,
				0C6747C22A80A688004EFB3F /* Products */,
			);
			sourceTree = "<group>";
		};
		0C6747C22A80A688004EFB3F /* Products */ = {
			isa = PBXGroup;
			children = (
				0C6747C12A80A688004EFB3F /* Bakers'.app */,
			);
			name = Products;
			sourceTree = "<group>";
		};
		0C6747C32A80A688004EFB3F /* Bakers' */ = {
			isa = PBXGroup;
			children = (
				0C08A7042A9A1A6F004D5B05 /* Configuration */,
				0C6747C42A80A688004EFB3F /* Bakers_App.swift */,
				0C6747C62A80A688004EFB3F /* ContentView.swift */,
				0C901E632A80CCAF00459B4C /* View */,
				0C6747C82A80A68A004EFB3F /* Assets.xcassets */,
				0C6747CA2A80A68A004EFB3F /* Preview Content */,
			);
			path = "Bakers'";
			sourceTree = "<group>";
		};
		0C6747CA2A80A68A004EFB3F /* Preview Content */ = {
			isa = PBXGroup;
			children = (
				0C6747CB2A80A68A004EFB3F /* Preview Assets.xcassets */,
			);
			path = "Preview Content";
			sourceTree = "<group>";
		};
		0C901E632A80CCAF00459B4C /* View */ = {
			isa = PBXGroup;
			children = (
				0C08A7132A9CB2AF004D5B05 /* Recommend */,
				0C901E652A80CCCF00459B4C /* MyPage */,
				0C901E662A80CCD500459B4C /* Recipe */,
				0C901E642A80CCCB00459B4C /* Home */,
				0C901E5F2A80CC9B00459B4C /* MyPageView.swift */,
				0CF3C1EB2A874998000F338D /* RecipeSearchView.swift */,
				0C901E5D2A80CC8300459B4C /* RecommendView.swift */,
				0C901E5B2A80CC6C00459B4C /* RecipeView.swift */,
			);
			path = View;
			sourceTree = "<group>";
		};
		0C901E642A80CCCB00459B4C /* Home */ = {
			isa = PBXGroup;
			children = (
				0C901E612A80CCAA00459B4C /* HomeView.swift */,
			);
			path = Home;
			sourceTree = "<group>";
		};
		0C901E652A80CCCF00459B4C /* MyPage */ = {
			isa = PBXGroup;
			children = (
				0C08A72A2A9DABF1004D5B05 /* Account.swift */,
				0C08A72C2A9DAC03004D5B05 /* Support.swift */,
				0C08A72E2A9DAC0A004D5B05 /* Info.swift */,
			);
			path = MyPage;
			sourceTree = "<group>";
		};
		0C901E662A80CCD500459B4C /* Recipe */ = {
			isa = PBXGroup;
			children = (
				0C08A6FA2A98947C004D5B05 /* Category.swift */,
				0C08A7022A9A19F2004D5B05 /* RecipeCell.swift */,
				0C08A6FC2A98948F004D5B05 /* Popular.swift */,
				0C08A70A2A9BA33C004D5B05 /* RecipeDetail.swift */,
				0C08A70C2A9C7B4C004D5B05 /* RecipeList.swift */,
				0C08A70E2A9C87E9004D5B05 /* Ingredient.swift */,
			);
			path = Recipe;
			sourceTree = "<group>";
		};
/* End PBXGroup section */

/* Begin PBXNativeTarget section */
		0C6747C02A80A688004EFB3F /* Bakers' */ = {
			isa = PBXNativeTarget;
			buildConfigurationList = 0C6747CF2A80A68A004EFB3F /* Build configuration list for PBXNativeTarget "Bakers'" */;
			buildPhases = (
				0C6747BD2A80A688004EFB3F /* Sources */,
				0C6747BE2A80A688004EFB3F /* Frameworks */,
				0C6747BF2A80A688004EFB3F /* Resources */,
			);
			buildRules = (
			);
			dependencies = (
			);
			name = "Bakers'";
			packageProductDependencies = (
				0C08A71C2A9CB8D4004D5B05 /* YouTubePlayerKit */,
				0C08A7232A9CD29E004D5B05 /* Kingfisher */,
			);
			productName = "Bakers'";
			productReference = 0C6747C12A80A688004EFB3F /* Bakers'.app */;
			productType = "com.apple.product-type.application";
		};
/* End PBXNativeTarget section */

/* Begin PBXProject section */
		0C6747B92A80A688004EFB3F /* Project object */ = {
			isa = PBXProject;
			attributes = {
				BuildIndependentTargetsInParallel = 1;
				LastSwiftUpdateCheck = 1430;
				LastUpgradeCheck = 1430;
				TargetAttributes = {
					0C6747C02A80A688004EFB3F = {
						CreatedOnToolsVersion = 14.3.1;
					};
				};
			};
			buildConfigurationList = 0C6747BC2A80A688004EFB3F /* Build configuration list for PBXProject "Bakers'" */;
			compatibilityVersion = "Xcode 14.0";
			developmentRegion = en;
			hasScannedForEncodings = 0;
			knownRegions = (
				en,
				Base,
			);
			mainGroup = 0C6747B82A80A688004EFB3F;
			packageReferences = (
				0C08A71B2A9CB8D4004D5B05 /* XCRemoteSwiftPackageReference "YouTubePlayerKit" */,
				0C08A7222A9CD29E004D5B05 /* XCRemoteSwiftPackageReference "Kingfisher" */,
			);
			productRefGroup = 0C6747C22A80A688004EFB3F /* Products */;
			projectDirPath = "";
			projectRoot = "";
			targets = (
				0C6747C02A80A688004EFB3F /* Bakers' */,
			);
		};
/* End PBXProject section */

/* Begin PBXResourcesBuildPhase section */
		0C6747BF2A80A688004EFB3F /* Resources */ = {
			isa = PBXResourcesBuildPhase;
			buildActionMask = 2147483647;
			files = (
				0C6747CC2A80A68A004EFB3F /* Preview Assets.xcassets in Resources */,
				0C6747C92A80A68A004EFB3F /* Assets.xcassets in Resources */,
			);
			runOnlyForDeploymentPostprocessing = 0;
		};
/* End PBXResourcesBuildPhase section */

/* Begin PBXSourcesBuildPhase section */
		0C6747BD2A80A688004EFB3F /* Sources */ = {
			isa = PBXSourcesBuildPhase;
			buildActionMask = 2147483647;
			files = (
				0C901E5C2A80CC6C00459B4C /* RecipeView.swift in Sources */,
				0C08A72F2A9DAC0A004D5B05 /* Info.swift in Sources */,
				0C6747C72A80A688004EFB3F /* ContentView.swift in Sources */,
				0C08A70F2A9C87E9004D5B05 /* Ingredient.swift in Sources */,
				0C901E602A80CC9B00459B4C /* MyPageView.swift in Sources */,
				0C08A71F2A9CBB7B004D5B05 /* VideoRow.swift in Sources */,
				0C901E622A80CCAA00459B4C /* HomeView.swift in Sources */,
				0C08A70B2A9BA33C004D5B05 /* RecipeDetail.swift in Sources */,
				0C6747C52A80A688004EFB3F /* Bakers_App.swift in Sources */,
				0C08A70D2A9C7B4C004D5B05 /* RecipeList.swift in Sources */,
				0C08A6FD2A98948F004D5B05 /* Popular.swift in Sources */,
				0C08A7212A9CD050004D5B05 /* CreatorCell.swift in Sources */,
				0C08A72D2A9DAC03004D5B05 /* Support.swift in Sources */,
				0CF3C1EC2A874998000F338D /* RecipeSearchView.swift in Sources */,
				0C08A7182A9CB2DC004D5B05 /* Video.swift in Sources */,
				0C08A7122A9CA885004D5B05 /* Color.swift in Sources */,
				0C901E5E2A80CC8300459B4C /* RecommendView.swift in Sources */,
				0C08A71A2A9CB2EA004D5B05 /* Creator.swift in Sources */,
				0C08A7072A9A1ACD004D5B05 /* Constant.swift in Sources */,
				0C08A7262A9CD660004D5B05 /* CreatorDetail.swift in Sources */,
				0C08A7032A9A19F2004D5B05 /* RecipeCell.swift in Sources */,
				0C08A6FB2A98947C004D5B05 /* Category.swift in Sources */,
				0C08A72B2A9DABF1004D5B05 /* Account.swift in Sources */,
			);
			runOnlyForDeploymentPostprocessing = 0;
		};
/* End PBXSourcesBuildPhase section */

/* Begin XCBuildConfiguration section */
		0C6747CD2A80A68A004EFB3F /* Debug */ = {
			isa = XCBuildConfiguration;
			buildSettings = {
				ALWAYS_SEARCH_USER_PATHS = NO;
				CLANG_ANALYZER_NONNULL = YES;
				CLANG_ANALYZER_NUMBER_OBJECT_CONVERSION = YES_AGGRESSIVE;
				CLANG_CXX_LANGUAGE_STANDARD = "gnu++20";
				CLANG_ENABLE_MODULES = YES;
				CLANG_ENABLE_OBJC_ARC = YES;
				CLANG_ENABLE_OBJC_WEAK = YES;
				CLANG_WARN_BLOCK_CAPTURE_AUTORELEASING = YES;
				CLANG_WARN_BOOL_CONVERSION = YES;
				CLANG_WARN_COMMA = YES;
				CLANG_WARN_CONSTANT_CONVERSION = YES;
				CLANG_WARN_DEPRECATED_OBJC_IMPLEMENTATIONS = YES;
				CLANG_WARN_DIRECT_OBJC_ISA_USAGE = YES_ERROR;
				CLANG_WARN_DOCUMENTATION_COMMENTS = YES;
				CLANG_WARN_EMPTY_BODY = YES;
				CLANG_WARN_ENUM_CONVERSION = YES;
				CLANG_WARN_INFINITE_RECURSION = YES;
				CLANG_WARN_INT_CONVERSION = YES;
				CLANG_WARN_NON_LITERAL_NULL_CONVERSION = YES;
				CLANG_WARN_OBJC_IMPLICIT_RETAIN_SELF = YES;
				CLANG_WARN_OBJC_LITERAL_CONVERSION = YES;
				CLANG_WARN_OBJC_ROOT_CLASS = YES_ERROR;
				CLANG_WARN_QUOTED_INCLUDE_IN_FRAMEWORK_HEADER = YES;
				CLANG_WARN_RANGE_LOOP_ANALYSIS = YES;
				CLANG_WARN_STRICT_PROTOTYPES = YES;
				CLANG_WARN_SUSPICIOUS_MOVE = YES;
				CLANG_WARN_UNGUARDED_AVAILABILITY = YES_AGGRESSIVE;
				CLANG_WARN_UNREACHABLE_CODE = YES;
				CLANG_WARN__DUPLICATE_METHOD_MATCH = YES;
				COPY_PHASE_STRIP = NO;
				DEBUG_INFORMATION_FORMAT = dwarf;
				ENABLE_STRICT_OBJC_MSGSEND = YES;
				ENABLE_TESTABILITY = YES;
				GCC_C_LANGUAGE_STANDARD = gnu11;
				GCC_DYNAMIC_NO_PIC = NO;
				GCC_NO_COMMON_BLOCKS = YES;
				GCC_OPTIMIZATION_LEVEL = 0;
				GCC_PREPROCESSOR_DEFINITIONS = (
					"DEBUG=1",
					"$(inherited)",
				);
				GCC_WARN_64_TO_32_BIT_CONVERSION = YES;
				GCC_WARN_ABOUT_RETURN_TYPE = YES_ERROR;
				GCC_WARN_UNDECLARED_SELECTOR = YES;
				GCC_WARN_UNINITIALIZED_AUTOS = YES_AGGRESSIVE;
				GCC_WARN_UNUSED_FUNCTION = YES;
				GCC_WARN_UNUSED_VARIABLE = YES;
				IPHONEOS_DEPLOYMENT_TARGET = 16.4;
				MTL_ENABLE_DEBUG_INFO = INCLUDE_SOURCE;
				MTL_FAST_MATH = YES;
				ONLY_ACTIVE_ARCH = YES;
				SDKROOT = iphoneos;
				SWIFT_ACTIVE_COMPILATION_CONDITIONS = DEBUG;
				SWIFT_OPTIMIZATION_LEVEL = "-Onone";
			};
			name = Debug;
		};
		0C6747CE2A80A68A004EFB3F /* Release */ = {
			isa = XCBuildConfiguration;
			buildSettings = {
				ALWAYS_SEARCH_USER_PATHS = NO;
				CLANG_ANALYZER_NONNULL = YES;
				CLANG_ANALYZER_NUMBER_OBJECT_CONVERSION = YES_AGGRESSIVE;
				CLANG_CXX_LANGUAGE_STANDARD = "gnu++20";
				CLANG_ENABLE_MODULES = YES;
				CLANG_ENABLE_OBJC_ARC = YES;
				CLANG_ENABLE_OBJC_WEAK = YES;
				CLANG_WARN_BLOCK_CAPTURE_AUTORELEASING = YES;
				CLANG_WARN_BOOL_CONVERSION = YES;
				CLANG_WARN_COMMA = YES;
				CLANG_WARN_CONSTANT_CONVERSION = YES;
				CLANG_WARN_DEPRECATED_OBJC_IMPLEMENTATIONS = YES;
				CLANG_WARN_DIRECT_OBJC_ISA_USAGE = YES_ERROR;
				CLANG_WARN_DOCUMENTATION_COMMENTS = YES;
				CLANG_WARN_EMPTY_BODY = YES;
				CLANG_WARN_ENUM_CONVERSION = YES;
				CLANG_WARN_INFINITE_RECURSION = YES;
				CLANG_WARN_INT_CONVERSION = YES;
				CLANG_WARN_NON_LITERAL_NULL_CONVERSION = YES;
				CLANG_WARN_OBJC_IMPLICIT_RETAIN_SELF = YES;
				CLANG_WARN_OBJC_LITERAL_CONVERSION = YES;
				CLANG_WARN_OBJC_ROOT_CLASS = YES_ERROR;
				CLANG_WARN_QUOTED_INCLUDE_IN_FRAMEWORK_HEADER = YES;
				CLANG_WARN_RANGE_LOOP_ANALYSIS = YES;
				CLANG_WARN_STRICT_PROTOTYPES = YES;
				CLANG_WARN_SUSPICIOUS_MOVE = YES;
				CLANG_WARN_UNGUARDED_AVAILABILITY = YES_AGGRESSIVE;
				CLANG_WARN_UNREACHABLE_CODE = YES;
				CLANG_WARN__DUPLICATE_METHOD_MATCH = YES;
				COPY_PHASE_STRIP = NO;
				DEBUG_INFORMATION_FORMAT = "dwarf-with-dsym";
				ENABLE_NS_ASSERTIONS = NO;
				ENABLE_STRICT_OBJC_MSGSEND = YES;
				GCC_C_LANGUAGE_STANDARD = gnu11;
				GCC_NO_COMMON_BLOCKS = YES;
				GCC_WARN_64_TO_32_BIT_CONVERSION = YES;
				GCC_WARN_ABOUT_RETURN_TYPE = YES_ERROR;
				GCC_WARN_UNDECLARED_SELECTOR = YES;
				GCC_WARN_UNINITIALIZED_AUTOS = YES_AGGRESSIVE;
				GCC_WARN_UNUSED_FUNCTION = YES;
				GCC_WARN_UNUSED_VARIABLE = YES;
				IPHONEOS_DEPLOYMENT_TARGET = 16.4;
				MTL_ENABLE_DEBUG_INFO = NO;
				MTL_FAST_MATH = YES;
				SDKROOT = iphoneos;
				SWIFT_COMPILATION_MODE = wholemodule;
				SWIFT_OPTIMIZATION_LEVEL = "-O";
				VALIDATE_PRODUCT = YES;
			};
			name = Release;
		};
		0C6747D02A80A68A004EFB3F /* Debug */ = {
			isa = XCBuildConfiguration;
			buildSettings = {
				ASSETCATALOG_COMPILER_APPICON_NAME = AppIcon;
				ASSETCATALOG_COMPILER_GLOBAL_ACCENT_COLOR_NAME = AccentColor;
				CODE_SIGN_STYLE = Automatic;
				CURRENT_PROJECT_VERSION = 1;
				DEVELOPMENT_ASSET_PATHS = "\"Bakers'/Preview Content\"";
				DEVELOPMENT_TEAM = Y84Q82Q5S8;
				ENABLE_PREVIEWS = YES;
				GENERATE_INFOPLIST_FILE = YES;
				INFOPLIST_KEY_UIApplicationSceneManifest_Generation = YES;
				INFOPLIST_KEY_UIApplicationSupportsIndirectInputEvents = YES;
				INFOPLIST_KEY_UILaunchScreen_Generation = YES;
				INFOPLIST_KEY_UISupportedInterfaceOrientations_iPad = "UIInterfaceOrientationPortrait UIInterfaceOrientationPortraitUpsideDown UIInterfaceOrientationLandscapeLeft UIInterfaceOrientationLandscapeRight";
				INFOPLIST_KEY_UISupportedInterfaceOrientations_iPhone = "UIInterfaceOrientationPortrait UIInterfaceOrientationLandscapeLeft UIInterfaceOrientationLandscapeRight";
				LD_RUNPATH_SEARCH_PATHS = (
					"$(inherited)",
					"@executable_path/Frameworks",
				);
				MARKETING_VERSION = 1.0;
				PRODUCT_BUNDLE_IDENTIFIER = "com.sohee.Bakers-";
				PRODUCT_NAME = "$(TARGET_NAME)";
				SWIFT_EMIT_LOC_STRINGS = YES;
				SWIFT_VERSION = 5.0;
				TARGETED_DEVICE_FAMILY = "1,2";
			};
			name = Debug;
		};
		0C6747D12A80A68A004EFB3F /* Release */ = {
			isa = XCBuildConfiguration;
			buildSettings = {
				ASSETCATALOG_COMPILER_APPICON_NAME = AppIcon;
				ASSETCATALOG_COMPILER_GLOBAL_ACCENT_COLOR_NAME = AccentColor;
				CODE_SIGN_STYLE = Automatic;
				CURRENT_PROJECT_VERSION = 1;
				DEVELOPMENT_ASSET_PATHS = "\"Bakers'/Preview Content\"";
				DEVELOPMENT_TEAM = Y84Q82Q5S8;
				ENABLE_PREVIEWS = YES;
				GENERATE_INFOPLIST_FILE = YES;
				INFOPLIST_KEY_UIApplicationSceneManifest_Generation = YES;
				INFOPLIST_KEY_UIApplicationSupportsIndirectInputEvents = YES;
				INFOPLIST_KEY_UILaunchScreen_Generation = YES;
				INFOPLIST_KEY_UISupportedInterfaceOrientations_iPad = "UIInterfaceOrientationPortrait UIInterfaceOrientationPortraitUpsideDown UIInterfaceOrientationLandscapeLeft UIInterfaceOrientationLandscapeRight";
				INFOPLIST_KEY_UISupportedInterfaceOrientations_iPhone = "UIInterfaceOrientationPortrait UIInterfaceOrientationLandscapeLeft UIInterfaceOrientationLandscapeRight";
				LD_RUNPATH_SEARCH_PATHS = (
					"$(inherited)",
					"@executable_path/Frameworks",
				);
				MARKETING_VERSION = 1.0;
				PRODUCT_BUNDLE_IDENTIFIER = "com.sohee.Bakers-";
				PRODUCT_NAME = "$(TARGET_NAME)";
				SWIFT_EMIT_LOC_STRINGS = YES;
				SWIFT_VERSION = 5.0;
				TARGETED_DEVICE_FAMILY = "1,2";
			};
			name = Release;
		};
/* End XCBuildConfiguration section */

/* Begin XCConfigurationList section */
		0C6747BC2A80A688004EFB3F /* Build configuration list for PBXProject "Bakers'" */ = {
			isa = XCConfigurationList;
			buildConfigurations = (
				0C6747CD2A80A68A004EFB3F /* Debug */,
				0C6747CE2A80A68A004EFB3F /* Release */,
			);
			defaultConfigurationIsVisible = 0;
			defaultConfigurationName = Release;
		};
		0C6747CF2A80A68A004EFB3F /* Build configuration list for PBXNativeTarget "Bakers'" */ = {
			isa = XCConfigurationList;
			buildConfigurations = (
				0C6747D02A80A68A004EFB3F /* Debug */,
				0C6747D12A80A68A004EFB3F /* Release */,
			);
			defaultConfigurationIsVisible = 0;
			defaultConfigurationName = Release;
		};
/* End XCConfigurationList section */

/* Begin XCRemoteSwiftPackageReference section */
		0C08A71B2A9CB8D4004D5B05 /* XCRemoteSwiftPackageReference "YouTubePlayerKit" */ = {
			isa = XCRemoteSwiftPackageReference;
			repositoryURL = "https://github.com/SvenTiigi/YouTubePlayerKit.git";
			requirement = {
				kind = upToNextMajorVersion;
				minimumVersion = 1.0.0;
			};
		};
		0C08A7222A9CD29E004D5B05 /* XCRemoteSwiftPackageReference "Kingfisher" */ = {
			isa = XCRemoteSwiftPackageReference;
			repositoryURL = "https://github.com/onevcat/Kingfisher.git";
			requirement = {
				kind = upToNextMajorVersion;
				minimumVersion = 7.0.0;
			};
		};
/* End XCRemoteSwiftPackageReference section */

/* Begin XCSwiftPackageProductDependency section */
		0C08A71C2A9CB8D4004D5B05 /* YouTubePlayerKit */ = {
			isa = XCSwiftPackageProductDependency;
			package = 0C08A71B2A9CB8D4004D5B05 /* XCRemoteSwiftPackageReference "YouTubePlayerKit" */;
			productName = YouTubePlayerKit;
		};
		0C08A7232A9CD29E004D5B05 /* Kingfisher */ = {
			isa = XCSwiftPackageProductDependency;
			package = 0C08A7222A9CD29E004D5B05 /* XCRemoteSwiftPackageReference "Kingfisher" */;
			productName = Kingfisher;
		};
/* End XCSwiftPackageProductDependency section */
	};
	rootObject = 0C6747B92A80A688004EFB3F /* Project object */;
}
